
Microsoft Visual Studio Solution File, Format Version 12.00
# Visual Studio Version 17
VisualStudioVersion = 17.1.32319.34
MinimumVisualStudioVersion = 10.0.40219.1
Project("{FAE04EC0-301F-11D3-BF4B-00C04F79EFBC}") = "Notes", "Notes.csproj", "{49C58D57-8F97-41C9-BC99-8E06E4AAF49A}"
EndProject
Global
	GlobalSection(SolutionConfigurationPlatforms) = preSolution
		Debug|Any CPU = Debug|Any CPU
		Release|Any CPU = Release|Any CPU
	EndGlobalSection
	GlobalSection(ProjectConfigurationPlatforms) = postSolution
		{49C58D57-8F97-41C9-BC99-8E06E4AAF49A}.Debug|Any CPU.ActiveCfg = Debug|Any CPU
		{49C58D57-8F97-41C9-BC99-8E06E4AAF49A}.Debug|Any CPU.Build.0 = Debug|Any CPU
		{49C58D57-8F97-41C9-BC99-8E06E4AAF49A}.Release|Any CPU.ActiveCfg = Release|Any CPU
		{49C58D57-8F97-41C9-BC99-8E06E4AAF49A}.Release|Any CPU.Build.0 = Release|Any CPU
	EndGlobalSection
	GlobalSection(SolutionProperties) = preSolution
		HideSolutionNode = FALSE
	EndGlobalSection
	GlobalSection(ExtensibilityGlobals) = postSolution
		SolutionGuid = {88B24C10-105F-42C8-A213-628251EFE6A5}
	EndGlobalSection
EndGlobal
